
Microsoft Visual Studio Solution File, Format Version 12.00
# Visual Studio Version 17
VisualStudioVersion = 17.11.35219.272
MinimumVisualStudioVersion = 10.0.40219.1
Project("{FAE04EC0-301F-11D3-BF4B-00C04F79EFBC}") = "TP1-DSOO-Grupo14", "TP1-DSOO-Grupo14\TP1-DSOO-Grupo14.csproj", "{BFA64E52-8DC5-445E-8017-202BDB33CFAE}"
EndProject
Global
	GlobalSection(SolutionConfigurationPlatforms) = preSolution
		Debug|Any CPU = Debug|Any CPU
		Release|Any CPU = Release|Any CPU
	EndGlobalSection
	GlobalSection(ProjectConfigurationPlatforms) = postSolution
		{BFA64E52-8DC5-445E-8017-202BDB33CFAE}.Debug|Any CPU.ActiveCfg = Debug|Any CPU
		{BFA64E52-8DC5-445E-8017-202BDB33CFAE}.Debug|Any CPU.Build.0 = Debug|Any CPU
		{BFA64E52-8DC5-445E-8017-202BDB33CFAE}.Release|Any CPU.ActiveCfg = Release|Any CPU
		{BFA64E52-8DC5-445E-8017-202BDB33CFAE}.Release|Any CPU.Build.0 = Release|Any CPU
	EndGlobalSection
	GlobalSection(SolutionProperties) = preSolution
		HideSolutionNode = FALSE
	EndGlobalSection
	GlobalSection(ExtensibilityGlobals) = postSolution
		SolutionGuid = {C3FB2AAA-5D56-4DF0-9BB4-38AA8BD53C58}
	EndGlobalSection
EndGlobal
